
Microsoft Visual Studio Solution File, Format Version 12.00
# Visual Studio Version 16
VisualStudioVersion = 16.0.30711.63
MinimumVisualStudioVersion = 10.0.40219.1
Project("{FAE04EC0-301F-11D3-BF4B-00C04F79EFBC}") = "DALCheckPoint2EmilieD", "DALCheckPoint2EmilieD\DALCheckPoint2EmilieD.csproj", "{27363F7D-6C4B-4FA3-875C-ED4365B8DFC7}"
EndProject
Global
	GlobalSection(SolutionConfigurationPlatforms) = preSolution
		Debug|Any CPU = Debug|Any CPU
		Release|Any CPU = Release|Any CPU
	EndGlobalSection
	GlobalSection(ProjectConfigurationPlatforms) = postSolution
		{27363F7D-6C4B-4FA3-875C-ED4365B8DFC7}.Debug|Any CPU.ActiveCfg = Debug|Any CPU
		{27363F7D-6C4B-4FA3-875C-ED4365B8DFC7}.Debug|Any CPU.Build.0 = Debug|Any CPU
		{27363F7D-6C4B-4FA3-875C-ED4365B8DFC7}.Release|Any CPU.ActiveCfg = Release|Any CPU
		{27363F7D-6C4B-4FA3-875C-ED4365B8DFC7}.Release|Any CPU.Build.0 = Release|Any CPU
	EndGlobalSection
	GlobalSection(SolutionProperties) = preSolution
		HideSolutionNode = FALSE
	EndGlobalSection
	GlobalSection(ExtensibilityGlobals) = postSolution
		SolutionGuid = {8E1EB10F-0725-493A-9089-1FB1A7B1AC6A}
	EndGlobalSection
EndGlobal
